// !$*UTF8*$!
{
	archiveVersion = 1;
	classes = {
	};
	objectVersion = 50;
	objects = {

/* Begin PBXBuildFile section */
		60739D0A26DD488D00CE5B5F /* AppDelegate.swift in Sources */ = {isa = PBXBuildFile; fileRef = 60739D0926DD488D00CE5B5F /* AppDelegate.swift */; };
		60739D0C26DD488D00CE5B5F /* SceneDelegate.swift in Sources */ = {isa = PBXBuildFile; fileRef = 60739D0B26DD488D00CE5B5F /* SceneDelegate.swift */; };
		60739D0E26DD488D00CE5B5F /* ViewController.swift in Sources */ = {isa = PBXBuildFile; fileRef = 60739D0D26DD488D00CE5B5F /* ViewController.swift */; };
		60739D1126DD488D00CE5B5F /* Main.storyboard in Resources */ = {isa = PBXBuildFile; fileRef = 60739D0F26DD488D00CE5B5F /* Main.storyboard */; };
		60739D1326DD489000CE5B5F /* Assets.xcassets in Resources */ = {isa = PBXBuildFile; fileRef = 60739D1226DD489000CE5B5F /* Assets.xcassets */; };
		60739D1626DD489000CE5B5F /* LaunchScreen.storyboard in Resources */ = {isa = PBXBuildFile; fileRef = 60739D1426DD489000CE5B5F /* LaunchScreen.storyboard */; };
		60739D2426DD4EBC00CE5B5F /* Media.xcassets in Resources */ = {isa = PBXBuildFile; fileRef = 60739D2326DD4EBC00CE5B5F /* Media.xcassets */; };
		60739D2626DD4EBC00CE5B5F /* ActionViewController.swift in Sources */ = {isa = PBXBuildFile; fileRef = 60739D2526DD4EBC00CE5B5F /* ActionViewController.swift */; };
		60739D2926DD4EBC00CE5B5F /* MainInterface.storyboard in Resources */ = {isa = PBXBuildFile; fileRef = 60739D2726DD4EBC00CE5B5F /* MainInterface.storyboard */; };
		60739D2D26DD4EBC00CE5B5F /* Extension.appex in Embed App Extensions */ = {isa = PBXBuildFile; fileRef = 60739D2126DD4EBC00CE5B5F /* Extension.appex */; settings = {ATTRIBUTES = (RemoveHeadersOnCopy, ); }; };
		60739D3326DD518A00CE5B5F /* Action.js in Resources */ = {isa = PBXBuildFile; fileRef = 60739D3226DD518A00CE5B5F /* Action.js */; };
/* End PBXBuildFile section */

/* Begin PBXContainerItemProxy section */
		60739D2B26DD4EBC00CE5B5F /* PBXContainerItemProxy */ = {
			isa = PBXContainerItemProxy;
			containerPortal = 60739CFE26DD488D00CE5B5F /* Project object */;
			proxyType = 1;
			remoteGlobalIDString = 60739D2026DD4EBC00CE5B5F;
			remoteInfo = Extension;
		};
/* End PBXContainerItemProxy section */

/* Begin PBXCopyFilesBuildPhase section */
		60739D3126DD4EBC00CE5B5F /* Embed App Extensions */ = {
			isa = PBXCopyFilesBuildPhase;
			buildActionMask = 2147483647;
			dstPath = "";
			dstSubfolderSpec = 13;
			files = (
				60739D2D26DD4EBC00CE5B5F /* Extension.appex in Embed App Extensions */,
			);
			name = "Embed App Extensions";
			runOnlyForDeploymentPostprocessing = 0;
		};
/* End PBXCopyFilesBuildPhase section */

/* Begin PBXFileReference section */
		60739D0626DD488D00CE5B5F /* Project19-SafariExtensions.app */ = {isa = PBXFileReference; explicitFileType = wrapper.application; includeInIndex = 0; path = "Project19-SafariExtensions.app"; sourceTree = BUILT_PRODUCTS_DIR; };
		60739D0926DD488D00CE5B5F /* AppDelegate.swift */ = {isa = PBXFileReference; lastKnownFileType = sourcecode.swift; path = AppDelegate.swift; sourceTree = "<group>"; };
		60739D0B26DD488D00CE5B5F /* SceneDelegate.swift */ = {isa = PBXFileReference; lastKnownFileType = sourcecode.swift; path = SceneDelegate.swift; sourceTree = "<group>"; };
		60739D0D26DD488D00CE5B5F /* ViewController.swift */ = {isa = PBXFileReference; lastKnownFileType = sourcecode.swift; path = ViewController.swift; sourceTree = "<group>"; };
		60739D1026DD488D00CE5B5F /* Base */ = {isa = PBXFileReference; lastKnownFileType = file.storyboard; name = Base; path = Base.lproj/Main.storyboard; sourceTree = "<group>"; };
		60739D1226DD489000CE5B5F /* Assets.xcassets */ = {isa = PBXFileReference; lastKnownFileType = folder.assetcatalog; path = Assets.xcassets; sourceTree = "<group>"; };
		60739D1526DD489000CE5B5F /* Base */ = {isa = PBXFileReference; lastKnownFileType = file.storyboard; name = Base; path = Base.lproj/LaunchScreen.storyboard; sourceTree = "<group>"; };
		60739D1726DD489000CE5B5F /* Info.plist */ = {isa = PBXFileReference; lastKnownFileType = text.plist.xml; path = Info.plist; sourceTree = "<group>"; };
		60739D2126DD4EBC00CE5B5F /* Extension.appex */ = {isa = PBXFileReference; explicitFileType = "wrapper.app-extension"; includeInIndex = 0; path = Extension.appex; sourceTree = BUILT_PRODUCTS_DIR; };
		60739D2326DD4EBC00CE5B5F /* Media.xcassets */ = {isa = PBXFileReference; lastKnownFileType = folder.assetcatalog; path = Media.xcassets; sourceTree = "<group>"; };
		60739D2526DD4EBC00CE5B5F /* ActionViewController.swift */ = {isa = PBXFileReference; lastKnownFileType = sourcecode.swift; path = ActionViewController.swift; sourceTree = "<group>"; };
		60739D2826DD4EBC00CE5B5F /* Base */ = {isa = PBXFileReference; lastKnownFileType = file.storyboard; name = Base; path = Base.lproj/MainInterface.storyboard; sourceTree = "<group>"; };
		60739D2A26DD4EBC00CE5B5F /* Info.plist */ = {isa = PBXFileReference; lastKnownFileType = text.plist.xml; path = Info.plist; sourceTree = "<group>"; };
		60739D3226DD518A00CE5B5F /* Action.js */ = {isa = PBXFileReference; lastKnownFileType = sourcecode.javascript; path = Action.js; sourceTree = "<group>"; };
/* End PBXFileReference section */

/* Begin PBXFrameworksBuildPhase section */
		60739D0326DD488D00CE5B5F /* Frameworks */ = {
			isa = PBXFrameworksBuildPhase;
			buildActionMask = 2147483647;
			files = (
			);
			runOnlyForDeploymentPostprocessing = 0;
		};
		60739D1E26DD4EBC00CE5B5F /* Frameworks */ = {
			isa = PBXFrameworksBuildPhase;
			buildActionMask = 2147483647;
			files = (
			);
			runOnlyForDeploymentPostprocessing = 0;
		};
/* End PBXFrameworksBuildPhase section */

/* Begin PBXGroup section */
		60739CFD26DD488D00CE5B5F = {
			isa = PBXGroup;
			children = (
				60739D0826DD488D00CE5B5F /* Project19-SafariExtensions */,
				60739D2226DD4EBC00CE5B5F /* Extension */,
				60739D0726DD488D00CE5B5F /* Products */,
			);
			sourceTree = "<group>";
		};
		60739D0726DD488D00CE5B5F /* Products */ = {
			isa = PBXGroup;
			children = (
				60739D0626DD488D00CE5B5F /* Project19-SafariExtensions.app */,
				60739D2126DD4EBC00CE5B5F /* Extension.appex */,
			);
			name = Products;
			sourceTree = "<group>";
		};
		60739D0826DD488D00CE5B5F /* Project19-SafariExtensions */ = {
			isa = PBXGroup;
			children = (
				60739D0926DD488D00CE5B5F /* AppDelegate.swift */,
				60739D0B26DD488D00CE5B5F /* SceneDelegate.swift */,
				60739D0D26DD488D00CE5B5F /* ViewController.swift */,
				60739D0F26DD488D00CE5B5F /* Main.storyboard */,
				60739D1226DD489000CE5B5F /* Assets.xcassets */,
				60739D1426DD489000CE5B5F /* LaunchScreen.storyboard */,
				60739D1726DD489000CE5B5F /* Info.plist */,
			);
			path = "Project19-SafariExtensions";
			sourceTree = "<group>";
		};
		60739D2226DD4EBC00CE5B5F /* Extension */ = {
			isa = PBXGroup;
			children = (
				60739D2326DD4EBC00CE5B5F /* Media.xcassets */,
				60739D2526DD4EBC00CE5B5F /* ActionViewController.swift */,
				60739D2726DD4EBC00CE5B5F /* MainInterface.storyboard */,
				60739D2A26DD4EBC00CE5B5F /* Info.plist */,
				60739D3226DD518A00CE5B5F /* Action.js */,
			);
			path = Extension;
			sourceTree = "<group>";
		};
/* End PBXGroup section */

/* Begin PBXNativeTarget section */
		60739D0526DD488D00CE5B5F /* Project19-SafariExtensions */ = {
			isa = PBXNativeTarget;
			buildConfigurationList = 60739D1A26DD489000CE5B5F /* Build configuration list for PBXNativeTarget "Project19-SafariExtensions" */;
			buildPhases = (
				60739D0226DD488D00CE5B5F /* Sources */,
				60739D0326DD488D00CE5B5F /* Frameworks */,
				60739D0426DD488D00CE5B5F /* Resources */,
				60739D3126DD4EBC00CE5B5F /* Embed App Extensions */,
			);
			buildRules = (
			);
			dependencies = (
				60739D2C26DD4EBC00CE5B5F /* PBXTargetDependency */,
			);
			name = "Project19-SafariExtensions";
			productName = "Project19-SafariExtensions";
			productReference = 60739D0626DD488D00CE5B5F /* Project19-SafariExtensions.app */;
			productType = "com.apple.product-type.application";
		};
		60739D2026DD4EBC00CE5B5F /* Extension */ = {
			isa = PBXNativeTarget;
			buildConfigurationList = 60739D2E26DD4EBC00CE5B5F /* Build configuration list for PBXNativeTarget "Extension" */;
			buildPhases = (
				60739D1D26DD4EBC00CE5B5F /* Sources */,
				60739D1E26DD4EBC00CE5B5F /* Frameworks */,
				60739D1F26DD4EBC00CE5B5F /* Resources */,
			);
			buildRules = (
			);
			dependencies = (
			);
			name = Extension;
			productName = Extension;
			productReference = 60739D2126DD4EBC00CE5B5F /* Extension.appex */;
			productType = "com.apple.product-type.app-extension";
		};
/* End PBXNativeTarget section */

/* Begin PBXProject section */
		60739CFE26DD488D00CE5B5F /* Project object */ = {
			isa = PBXProject;
			attributes = {
				LastSwiftUpdateCheck = 1250;
				LastUpgradeCheck = 1250;
				TargetAttributes = {
					60739D0526DD488D00CE5B5F = {
						CreatedOnToolsVersion = 12.5.1;
					};
					60739D2026DD4EBC00CE5B5F = {
						CreatedOnToolsVersion = 12.5.1;
					};
				};
			};
			buildConfigurationList = 60739D0126DD488D00CE5B5F /* Build configuration list for PBXProject "Project19-SafariExtensions" */;
			compatibilityVersion = "Xcode 9.3";
			developmentRegion = en;
			hasScannedForEncodings = 0;
			knownRegions = (
				en,
				Base,
			);
			mainGroup = 60739CFD26DD488D00CE5B5F;
			productRefGroup = 60739D0726DD488D00CE5B5F /* Products */;
			projectDirPath = "";
			projectRoot = "";
			targets = (
				60739D0526DD488D00CE5B5F /* Project19-SafariExtensions */,
				60739D2026DD4EBC00CE5B5F /* Extension */,
			);
		};
/* End PBXProject section */

/* Begin PBXResourcesBuildPhase section */
		60739D0426DD488D00CE5B5F /* Resources */ = {
			isa = PBXResourcesBuildPhase;
			buildActionMask = 2147483647;
			files = (
				60739D1626DD489000CE5B5F /* LaunchScreen.storyboard in Resources */,
				60739D1326DD489000CE5B5F /* Assets.xcassets in Resources */,
				60739D1126DD488D00CE5B5F /* Main.storyboard in Resources */,
			);
			runOnlyForDeploymentPostprocessing = 0;
		};
		60739D1F26DD4EBC00CE5B5F /* Resources */ = {
			isa = PBXResourcesBuildPhase;
			buildActionMask = 2147483647;
			files = (
				60739D3326DD518A00CE5B5F /* Action.js in Resources */,
				60739D2426DD4EBC00CE5B5F /* Media.xcassets in Resources */,
				60739D2926DD4EBC00CE5B5F /* MainInterface.storyboard in Resources */,
			);
			runOnlyForDeploymentPostprocessing = 0;
		};
/* End PBXResourcesBuildPhase section */

/* Begin PBXSourcesBuildPhase section */
		60739D0226DD488D00CE5B5F /* Sources */ = {
			isa = PBXSourcesBuildPhase;
			buildActionMask = 2147483647;
			files = (
				60739D0E26DD488D00CE5B5F /* ViewController.swift in Sources */,
				60739D0A26DD488D00CE5B5F /* AppDelegate.swift in Sources */,
				60739D0C26DD488D00CE5B5F /* SceneDelegate.swift in Sources */,
			);
			runOnlyForDeploymentPostprocessing = 0;
		};
		60739D1D26DD4EBC00CE5B5F /* Sources */ = {
			isa = PBXSourcesBuildPhase;
			buildActionMask = 2147483647;
			files = (
				60739D2626DD4EBC00CE5B5F /* ActionViewController.swift in Sources */,
			);
			runOnlyForDeploymentPostprocessing = 0;
		};
/* End PBXSourcesBuildPhase section */

/* Begin PBXTargetDependency section */
		60739D2C26DD4EBC00CE5B5F /* PBXTargetDependency */ = {
			isa = PBXTargetDependency;
			target = 60739D2026DD4EBC00CE5B5F /* Extension */;
			targetProxy = 60739D2B26DD4EBC00CE5B5F /* PBXContainerItemProxy */;
		};
/* End PBXTargetDependency section */

/* Begin PBXVariantGroup section */
		60739D0F26DD488D00CE5B5F /* Main.storyboard */ = {
			isa = PBXVariantGroup;
			children = (
				60739D1026DD488D00CE5B5F /* Base */,
			);
			name = Main.storyboard;
			sourceTree = "<group>";
		};
		60739D1426DD489000CE5B5F /* LaunchScreen.storyboard */ = {
			isa = PBXVariantGroup;
			children = (
				60739D1526DD489000CE5B5F /* Base */,
			);
			name = LaunchScreen.storyboard;
			sourceTree = "<group>";
		};
		60739D2726DD4EBC00CE5B5F /* MainInterface.storyboard */ = {
			isa = PBXVariantGroup;
			children = (
				60739D2826DD4EBC00CE5B5F /* Base */,
			);
			name = MainInterface.storyboard;
			sourceTree = "<group>";
		};
/* End PBXVariantGroup section */

/* Begin XCBuildConfiguration section */
		60739D1826DD489000CE5B5F /* Debug */ = {
			isa = XCBuildConfiguration;
			buildSettings = {
				ALWAYS_SEARCH_USER_PATHS = NO;
				CLANG_ANALYZER_NONNULL = YES;
				CLANG_ANALYZER_NUMBER_OBJECT_CONVERSION = YES_AGGRESSIVE;
				CLANG_CXX_LANGUAGE_STANDARD = "gnu++14";
				CLANG_CXX_LIBRARY = "libc++";
				CLANG_ENABLE_MODULES = YES;
				CLANG_ENABLE_OBJC_ARC = YES;
				CLANG_ENABLE_OBJC_WEAK = YES;
				CLANG_WARN_BLOCK_CAPTURE_AUTORELEASING = YES;
				CLANG_WARN_BOOL_CONVERSION = YES;
				CLANG_WARN_COMMA = YES;
				CLANG_WARN_CONSTANT_CONVERSION = YES;
				CLANG_WARN_DEPRECATED_OBJC_IMPLEMENTATIONS = YES;
				CLANG_WARN_DIRECT_OBJC_ISA_USAGE = YES_ERROR;
				CLANG_WARN_DOCUMENTATION_COMMENTS = YES;
				CLANG_WARN_EMPTY_BODY = YES;
				CLANG_WARN_ENUM_CONVERSION = YES;
				CLANG_WARN_INFINITE_RECURSION = YES;
				CLANG_WARN_INT_CONVERSION = YES;
				CLANG_WARN_NON_LITERAL_NULL_CONVERSION = YES;
				CLANG_WARN_OBJC_IMPLICIT_RETAIN_SELF = YES;
				CLANG_WARN_OBJC_LITERAL_CONVERSION = YES;
				CLANG_WARN_OBJC_ROOT_CLASS = YES_ERROR;
				CLANG_WARN_QUOTED_INCLUDE_IN_FRAMEWORK_HEADER = YES;
				CLANG_WARN_RANGE_LOOP_ANALYSIS = YES;
				CLANG_WARN_STRICT_PROTOTYPES = YES;
				CLANG_WARN_SUSPICIOUS_MOVE = YES;
				CLANG_WARN_UNGUARDED_AVAILABILITY = YES_AGGRESSIVE;
				CLANG_WARN_UNREACHABLE_CODE = YES;
				CLANG_WARN__DUPLICATE_METHOD_MATCH = YES;
				COPY_PHASE_STRIP = NO;
				DEBUG_INFORMATION_FORMAT = dwarf;
				ENABLE_STRICT_OBJC_MSGSEND = YES;
				ENABLE_TESTABILITY = YES;
				GCC_C_LANGUAGE_STANDARD = gnu11;
				GCC_DYNAMIC_NO_PIC = NO;
				GCC_NO_COMMON_BLOCKS = YES;
				GCC_OPTIMIZATION_LEVEL = 0;
				GCC_PREPROCESSOR_DEFINITIONS = (
					"DEBUG=1",
					"$(inherited)",
				);
				GCC_WARN_64_TO_32_BIT_CONVERSION = YES;
				GCC_WARN_ABOUT_RETURN_TYPE = YES_ERROR;
				GCC_WARN_UNDECLARED_SELECTOR = YES;
				GCC_WARN_UNINITIALIZED_AUTOS = YES_AGGRESSIVE;
				GCC_WARN_UNUSED_FUNCTION = YES;
				GCC_WARN_UNUSED_VARIABLE = YES;
				IPHONEOS_DEPLOYMENT_TARGET = 14.5;
				MTL_ENABLE_DEBUG_INFO = INCLUDE_SOURCE;
				MTL_FAST_MATH = YES;
				ONLY_ACTIVE_ARCH = YES;
				SDKROOT = iphoneos;
				SWIFT_ACTIVE_COMPILATION_CONDITIONS = DEBUG;
				SWIFT_OPTIMIZATION_LEVEL = "-Onone";
			};
			name = Debug;
		};
		60739D1926DD489000CE5B5F /* Release */ = {
			isa = XCBuildConfiguration;
			buildSettings = {
				ALWAYS_SEARCH_USER_PATHS = NO;
				CLANG_ANALYZER_NONNULL = YES;
				CLANG_ANALYZER_NUMBER_OBJECT_CONVERSION = YES_AGGRESSIVE;
				CLANG_CXX_LANGUAGE_STANDARD = "gnu++14";
				CLANG_CXX_LIBRARY = "libc++";
				CLANG_ENABLE_MODULES = YES;
				CLANG_ENABLE_OBJC_ARC = YES;
				CLANG_ENABLE_OBJC_WEAK = YES;
				CLANG_WARN_BLOCK_CAPTURE_AUTORELEASING = YES;
				CLANG_WARN_BOOL_CONVERSION = YES;
				CLANG_WARN_COMMA = YES;
				CLANG_WARN_CONSTANT_CONVERSION = YES;
				CLANG_WARN_DEPRECATED_OBJC_IMPLEMENTATIONS = YES;
				CLANG_WARN_DIRECT_OBJC_ISA_USAGE = YES_ERROR;
				CLANG_WARN_DOCUMENTATION_COMMENTS = YES;
				CLANG_WARN_EMPTY_BODY = YES;
				CLANG_WARN_ENUM_CONVERSION = YES;
				CLANG_WARN_INFINITE_RECURSION = YES;
				CLANG_WARN_INT_CONVERSION = YES;
				CLANG_WARN_NON_LITERAL_NULL_CONVERSION = YES;
				CLANG_WARN_OBJC_IMPLICIT_RETAIN_SELF = YES;
				CLANG_WARN_OBJC_LITERAL_CONVERSION = YES;
				CLANG_WARN_OBJC_ROOT_CLASS = YES_ERROR;
				CLANG_WARN_QUOTED_INCLUDE_IN_FRAMEWORK_HEADER = YES;
				CLANG_WARN_RANGE_LOOP_ANALYSIS = YES;
				CLANG_WARN_STRICT_PROTOTYPES = YES;
				CLANG_WARN_SUSPICIOUS_MOVE = YES;
				CLANG_WARN_UNGUARDED_AVAILABILITY = YES_AGGRESSIVE;
				CLANG_WARN_UNREACHABLE_CODE = YES;
				CLANG_WARN__DUPLICATE_METHOD_MATCH = YES;
				COPY_PHASE_STRIP = NO;
				DEBUG_INFORMATION_FORMAT = "dwarf-with-dsym";
				ENABLE_NS_ASSERTIONS = NO;
				ENABLE_STRICT_OBJC_MSGSEND = YES;
				GCC_C_LANGUAGE_STANDARD = gnu11;
				GCC_NO_COMMON_BLOCKS = YES;
				GCC_WARN_64_TO_32_BIT_CONVERSION = YES;
				GCC_WARN_ABOUT_RETURN_TYPE = YES_ERROR;
				GCC_WARN_UNDECLARED_SELECTOR = YES;
				GCC_WARN_UNINITIALIZED_AUTOS = YES_AGGRESSIVE;
				GCC_WARN_UNUSED_FUNCTION = YES;
				GCC_WARN_UNUSED_VARIABLE = YES;
				IPHONEOS_DEPLOYMENT_TARGET = 14.5;
				MTL_ENABLE_DEBUG_INFO = NO;
				MTL_FAST_MATH = YES;
				SDKROOT = iphoneos;
				SWIFT_COMPILATION_MODE = wholemodule;
				SWIFT_OPTIMIZATION_LEVEL = "-O";
				VALIDATE_PRODUCT = YES;
			};
			name = Release;
		};
		60739D1B26DD489000CE5B5F /* Debug */ = {
			isa = XCBuildConfiguration;
			buildSettings = {
				ALWAYS_EMBED_SWIFT_STANDARD_LIBRARIES = YES;
				ASSETCATALOG_COMPILER_APPICON_NAME = AppIcon;
				ASSETCATALOG_COMPILER_GLOBAL_ACCENT_COLOR_NAME = AccentColor;
				CODE_SIGN_STYLE = Automatic;
				DEVELOPMENT_TEAM = 896FRNNR33;
				INFOPLIST_FILE = "Project19-SafariExtensions/Info.plist";
				LD_RUNPATH_SEARCH_PATHS = (
					"$(inherited)",
					"@executable_path/Frameworks",
				);
				PRODUCT_BUNDLE_IDENTIFIER = "practice.fsg.Project19-SafariExtensions";
				PRODUCT_NAME = "$(TARGET_NAME)";
				SWIFT_VERSION = 5.0;
				TARGETED_DEVICE_FAMILY = "1,2";
			};
			name = Debug;
		};
		60739D1C26DD489000CE5B5F /* Release */ = {
			isa = XCBuildConfiguration;
			buildSettings = {
				ALWAYS_EMBED_SWIFT_STANDARD_LIBRARIES = YES;
				ASSETCATALOG_COMPILER_APPICON_NAME = AppIcon;
				ASSETCATALOG_COMPILER_GLOBAL_ACCENT_COLOR_NAME = AccentColor;
				CODE_SIGN_STYLE = Automatic;
				DEVELOPMENT_TEAM = 896FRNNR33;
				INFOPLIST_FILE = "Project19-SafariExtensions/Info.plist";
				LD_RUNPATH_SEARCH_PATHS = (
					"$(inherited)",
					"@executable_path/Frameworks",
				);
				PRODUCT_BUNDLE_IDENTIFIER = "practice.fsg.Project19-SafariExtensions";
				PRODUCT_NAME = "$(TARGET_NAME)";
				SWIFT_VERSION = 5.0;
				TARGETED_DEVICE_FAMILY = "1,2";
			};
			name = Release;
		};
		60739D2F26DD4EBC00CE5B5F /* Debug */ = {
			isa = XCBuildConfiguration;
			buildSettings = {
				CODE_SIGN_STYLE = Automatic;
				DEVELOPMENT_TEAM = 896FRNNR33;
				INFOPLIST_FILE = Extension/Info.plist;
				LD_RUNPATH_SEARCH_PATHS = (
					"$(inherited)",
					"@executable_path/Frameworks",
					"@executable_path/../../Frameworks",
				);
				PRODUCT_BUNDLE_IDENTIFIER = "practice.fsg.Project19-SafariExtensions.Extension";
				PRODUCT_NAME = "$(TARGET_NAME)";
				SKIP_INSTALL = YES;
				SWIFT_VERSION = 5.0;
				TARGETED_DEVICE_FAMILY = "1,2";
			};
			name = Debug;
		};
		60739D3026DD4EBC00CE5B5F /* Release */ = {
			isa = XCBuildConfiguration;
			buildSettings = {
				CODE_SIGN_STYLE = Automatic;
				DEVELOPMENT_TEAM = 896FRNNR33;
				INFOPLIST_FILE = Extension/Info.plist;
				LD_RUNPATH_SEARCH_PATHS = (
					"$(inherited)",
					"@executable_path/Frameworks",
					"@executable_path/../../Frameworks",
				);
				PRODUCT_BUNDLE_IDENTIFIER = "practice.fsg.Project19-SafariExtensions.Extension";
				PRODUCT_NAME = "$(TARGET_NAME)";
				SKIP_INSTALL = YES;
				SWIFT_VERSION = 5.0;
				TARGETED_DEVICE_FAMILY = "1,2";
			};
			name = Release;
		};
/* End XCBuildConfiguration section */

/* Begin XCConfigurationList section */
		60739D0126DD488D00CE5B5F /* Build configuration list for PBXProject "Project19-SafariExtensions" */ = {
			isa = XCConfigurationList;
			buildConfigurations = (
				60739D1826DD489000CE5B5F /* Debug */,
				60739D1926DD489000CE5B5F /* Release */,
			);
			defaultConfigurationIsVisible = 0;
			defaultConfigurationName = Release;
		};
		60739D1A26DD489000CE5B5F /* Build configuration list for PBXNativeTarget "Project19-SafariExtensions" */ = {
			isa = XCConfigurationList;
			buildConfigurations = (
				60739D1B26DD489000CE5B5F /* Debug */,
				60739D1C26DD489000CE5B5F /* Release */,
			);
			defaultConfigurationIsVisible = 0;
			defaultConfigurationName = Release;
		};
		60739D2E26DD4EBC00CE5B5F /* Build configuration list for PBXNativeTarget "Extension" */ = {
			isa = XCConfigurationList;
			buildConfigurations = (
				60739D2F26DD4EBC00CE5B5F /* Debug */,
				60739D3026DD4EBC00CE5B5F /* Release */,
			);
			defaultConfigurationIsVisible = 0;
			defaultConfigurationName = Release;
		};
/* End XCConfigurationList section */
	};
	rootObject = 60739CFE26DD488D00CE5B5F /* Project object */;
}
